
Microsoft Visual Studio Solution File, Format Version 12.00
# Visual Studio 15
VisualStudioVersion = 15.0.26020.0
MinimumVisualStudioVersion = 10.0.40219.1
Project("{2150E333-8FDC-42A3-9474-1A3956D46DE8}") = "Solution Items", "Solution Items", "{347D39BC-5D1C-41BE-8D19-B93E520359FD}"
	ProjectSection(SolutionItems) = preProject
		YandexDisk.Client.nuspec = YandexDisk.Client.nuspec
	EndProjectSection
EndProject
Project("{9A19103F-16F7-4668-BE54-9A1E7A4F7556}") = "YandexDisk.Client", "YandexDisk.Client\YandexDisk.Client.csproj", "{B2FE08A0-4592-414D-A889-A38C2617A631}"
EndProject
Project("{9A19103F-16F7-4668-BE54-9A1E7A4F7556}") = "YandexDisk.Client.Tests", "YandexDisk.Client.Tests\YandexDisk.Client.Tests.csproj", "{1956C7E0-1DCF-4D86-B79E-A6C3505205AA}"
EndProject
Global
	GlobalSection(SolutionConfigurationPlatforms) = preSolution
		Debug|Any CPU = Debug|Any CPU
		Debug|x64 = Debug|x64
		Debug|x86 = Debug|x86
		Release|Any CPU = Release|Any CPU
		Release|x64 = Release|x64
		Release|x86 = Release|x86
	EndGlobalSection
	GlobalSection(ProjectConfigurationPlatforms) = postSolution
		{B2FE08A0-4592-414D-A889-A38C2617A631}.Debug|Any CPU.ActiveCfg = Debug|Any CPU
		{B2FE08A0-4592-414D-A889-A38C2617A631}.Debug|Any CPU.Build.0 = Debug|Any CPU
		{B2FE08A0-4592-414D-A889-A38C2617A631}.Debug|x64.ActiveCfg = Debug|x64
		{B2FE08A0-4592-414D-A889-A38C2617A631}.Debug|x64.Build.0 = Debug|x64
		{B2FE08A0-4592-414D-A889-A38C2617A631}.Debug|x86.ActiveCfg = Debug|x86
		{B2FE08A0-4592-414D-A889-A38C2617A631}.Debug|x86.Build.0 = Debug|x86
		{B2FE08A0-4592-414D-A889-A38C2617A631}.Release|Any CPU.ActiveCfg = Release|Any CPU
		{B2FE08A0-4592-414D-A889-A38C2617A631}.Release|Any CPU.Build.0 = Release|Any CPU
		{B2FE08A0-4592-414D-A889-A38C2617A631}.Release|x64.ActiveCfg = Release|x64
		{B2FE08A0-4592-414D-A889-A38C2617A631}.Release|x64.Build.0 = Release|x64
		{B2FE08A0-4592-414D-A889-A38C2617A631}.Release|x86.ActiveCfg = Release|x86
		{B2FE08A0-4592-414D-A889-A38C2617A631}.Release|x86.Build.0 = Release|x86
		{1956C7E0-1DCF-4D86-B79E-A6C3505205AA}.Debug|Any CPU.ActiveCfg = Debug|Any CPU
		{1956C7E0-1DCF-4D86-B79E-A6C3505205AA}.Debug|Any CPU.Build.0 = Debug|Any CPU
		{1956C7E0-1DCF-4D86-B79E-A6C3505205AA}.Debug|x64.ActiveCfg = Debug|x64
		{1956C7E0-1DCF-4D86-B79E-A6C3505205AA}.Debug|x64.Build.0 = Debug|x64
		{1956C7E0-1DCF-4D86-B79E-A6C3505205AA}.Debug|x86.ActiveCfg = Debug|x86
		{1956C7E0-1DCF-4D86-B79E-A6C3505205AA}.Debug|x86.Build.0 = Debug|x86
		{1956C7E0-1DCF-4D86-B79E-A6C3505205AA}.Release|Any CPU.ActiveCfg = Release|Any CPU
		{1956C7E0-1DCF-4D86-B79E-A6C3505205AA}.Release|Any CPU.Build.0 = Release|Any CPU
		{1956C7E0-1DCF-4D86-B79E-A6C3505205AA}.Release|x64.ActiveCfg = Release|x64
		{1956C7E0-1DCF-4D86-B79E-A6C3505205AA}.Release|x64.Build.0 = Release|x64
		{1956C7E0-1DCF-4D86-B79E-A6C3505205AA}.Release|x86.ActiveCfg = Release|x86
		{1956C7E0-1DCF-4D86-B79E-A6C3505205AA}.Release|x86.Build.0 = Release|x86
	EndGlobalSection
	GlobalSection(SolutionProperties) = preSolution
		HideSolutionNode = FALSE
	EndGlobalSection
EndGlobal
