
Microsoft Visual Studio Solution File, Format Version 12.00
# Visual Studio Version 16
VisualStudioVersion = 16.0.28407.52
MinimumVisualStudioVersion = 10.0.40219.1
Project("{9A19103F-16F7-4668-BE54-9A1E7A4F7556}") = "YandexDisk.Client", "YandexDisk.Client\YandexDisk.Client.csproj", "{1151F4A9-03FB-40DE-B44A-F6E140A4BA82}"
EndProject
Project("{9A19103F-16F7-4668-BE54-9A1E7A4F7556}") = "YandexDisk.Client.CLI", "YandexDisk.Client.CLI\YandexDisk.Client.CLI.csproj", "{13B7017C-0586-4D94-88E4-E58A443DF3D5}"
EndProject
Project("{FAE04EC0-301F-11D3-BF4B-00C04F79EFBC}") = "YandexDisk.Client.Tests", "YandexDisk.Client.Tests\YandexDisk.Client.Tests.csproj", "{C8E2567E-71D7-46B9-91FB-EB3ADCCA5D8C}"
EndProject
Global
	GlobalSection(SolutionConfigurationPlatforms) = preSolution
		Debug|Any CPU = Debug|Any CPU
		Release|Any CPU = Release|Any CPU
	EndGlobalSection
	GlobalSection(ProjectConfigurationPlatforms) = postSolution
		{1151F4A9-03FB-40DE-B44A-F6E140A4BA82}.Debug|Any CPU.ActiveCfg = Debug|Any CPU
		{1151F4A9-03FB-40DE-B44A-F6E140A4BA82}.Debug|Any CPU.Build.0 = Debug|Any CPU
		{1151F4A9-03FB-40DE-B44A-F6E140A4BA82}.Release|Any CPU.ActiveCfg = Release|Any CPU
		{1151F4A9-03FB-40DE-B44A-F6E140A4BA82}.Release|Any CPU.Build.0 = Release|Any CPU
		{13B7017C-0586-4D94-88E4-E58A443DF3D5}.Debug|Any CPU.ActiveCfg = Debug|Any CPU
		{13B7017C-0586-4D94-88E4-E58A443DF3D5}.Debug|Any CPU.Build.0 = Debug|Any CPU
		{13B7017C-0586-4D94-88E4-E58A443DF3D5}.Release|Any CPU.ActiveCfg = Release|Any CPU
		{13B7017C-0586-4D94-88E4-E58A443DF3D5}.Release|Any CPU.Build.0 = Release|Any CPU
		{C8E2567E-71D7-46B9-91FB-EB3ADCCA5D8C}.Debug|Any CPU.ActiveCfg = Debug|Any CPU
		{C8E2567E-71D7-46B9-91FB-EB3ADCCA5D8C}.Debug|Any CPU.Build.0 = Debug|Any CPU
		{C8E2567E-71D7-46B9-91FB-EB3ADCCA5D8C}.Release|Any CPU.ActiveCfg = Release|Any CPU
		{C8E2567E-71D7-46B9-91FB-EB3ADCCA5D8C}.Release|Any CPU.Build.0 = Release|Any CPU
	EndGlobalSection
	GlobalSection(SolutionProperties) = preSolution
		HideSolutionNode = FALSE
	EndGlobalSection
	GlobalSection(ExtensibilityGlobals) = postSolution
		SolutionGuid = {5FCA6045-A061-4EFC-88C5-3D7578B8BFA9}
	EndGlobalSection
EndGlobal
