
Microsoft Visual Studio Solution File, Format Version 12.00
# Visual Studio 14
VisualStudioVersion = 14.0.23107.0
MinimumVisualStudioVersion = 10.0.40219.1
Project("{FAE04EC0-301F-11D3-BF4B-00C04F79EFBC}") = "YandexDisk.Client", "YandexDisk.Client\YandexDisk.Client.csproj", "{932CDBBD-D1FA-4055-8253-D23CB8C7920B}"
EndProject
Project("{FAE04EC0-301F-11D3-BF4B-00C04F79EFBC}") = "YandexDisk.Client.Tests", "YandexDisk.Client.Tests\YandexDisk.Client.Tests.csproj", "{6C5F5691-F879-4825-8217-182AB5E422F2}"
EndProject
Global
	GlobalSection(SolutionConfigurationPlatforms) = preSolution
		Debug|Any CPU = Debug|Any CPU
		Release|Any CPU = Release|Any CPU
	EndGlobalSection
	GlobalSection(ProjectConfigurationPlatforms) = postSolution
		{932CDBBD-D1FA-4055-8253-D23CB8C7920B}.Debug|Any CPU.ActiveCfg = Debug|Any CPU
		{932CDBBD-D1FA-4055-8253-D23CB8C7920B}.Debug|Any CPU.Build.0 = Debug|Any CPU
		{932CDBBD-D1FA-4055-8253-D23CB8C7920B}.Release|Any CPU.ActiveCfg = Release|Any CPU
		{932CDBBD-D1FA-4055-8253-D23CB8C7920B}.Release|Any CPU.Build.0 = Release|Any CPU
		{6C5F5691-F879-4825-8217-182AB5E422F2}.Debug|Any CPU.ActiveCfg = Debug|Any CPU
		{6C5F5691-F879-4825-8217-182AB5E422F2}.Debug|Any CPU.Build.0 = Debug|Any CPU
		{6C5F5691-F879-4825-8217-182AB5E422F2}.Release|Any CPU.ActiveCfg = Release|Any CPU
		{6C5F5691-F879-4825-8217-182AB5E422F2}.Release|Any CPU.Build.0 = Release|Any CPU
	EndGlobalSection
	GlobalSection(SolutionProperties) = preSolution
		HideSolutionNode = FALSE
	EndGlobalSection
EndGlobal
